
Microsoft Visual Studio Solution File, Format Version 12.00
# Visual Studio 15
VisualStudioVersion = 15.0.27130.2027
MinimumVisualStudioVersion = 10.0.40219.1
Project("{8BC9CEB8-8B4A-11D0-8D11-00A0C91BC942}") = "Floyd-Warshall算法", "Floyd-Warshall算法\Floyd-Warshall算法.vcxproj", "{4CE8AE57-9928-4763-8B19-B0E6B61AE8DF}"
EndProject
Project("{8BC9CEB8-8B4A-11D0-8D11-00A0C91BC942}") = "Dijkstra算法", "Dijkstra算法\Dijkstra算法.vcxproj", "{67D93AD8-E3A1-461A-9963-3E0CC6A54ED3}"
EndProject
Project("{8BC9CEB8-8B4A-11D0-8D11-00A0C91BC942}") = "Bellman-Ford算法", "Bellman-Ford算法\Bellman-Ford算法.vcxproj", "{10D1A652-CD53-4807-B0A4-0ACDD75D6D64}"
EndProject
Project("{8BC9CEB8-8B4A-11D0-8D11-00A0C91BC942}") = "Bellman-Ford算法的队列优化", "Bellman-Ford算法的队列优化\Bellman-Ford算法的队列优化.vcxproj", "{5AC15EB1-856C-4DB3-81B9-BA0672069631}"
EndProject
Global
	GlobalSection(SolutionConfigurationPlatforms) = preSolution
		Debug|x64 = Debug|x64
		Debug|x86 = Debug|x86
		Release|x64 = Release|x64
		Release|x86 = Release|x86
	EndGlobalSection
	GlobalSection(ProjectConfigurationPlatforms) = postSolution
		{4CE8AE57-9928-4763-8B19-B0E6B61AE8DF}.Debug|x64.ActiveCfg = Debug|x64
		{4CE8AE57-9928-4763-8B19-B0E6B61AE8DF}.Debug|x64.Build.0 = Debug|x64
		{4CE8AE57-9928-4763-8B19-B0E6B61AE8DF}.Debug|x86.ActiveCfg = Debug|Win32
		{4CE8AE57-9928-4763-8B19-B0E6B61AE8DF}.Debug|x86.Build.0 = Debug|Win32
		{4CE8AE57-9928-4763-8B19-B0E6B61AE8DF}.Release|x64.ActiveCfg = Release|x64
		{4CE8AE57-9928-4763-8B19-B0E6B61AE8DF}.Release|x64.Build.0 = Release|x64
		{4CE8AE57-9928-4763-8B19-B0E6B61AE8DF}.Release|x86.ActiveCfg = Release|Win32
		{4CE8AE57-9928-4763-8B19-B0E6B61AE8DF}.Release|x86.Build.0 = Release|Win32
		{67D93AD8-E3A1-461A-9963-3E0CC6A54ED3}.Debug|x64.ActiveCfg = Debug|x64
		{67D93AD8-E3A1-461A-9963-3E0CC6A54ED3}.Debug|x64.Build.0 = Debug|x64
		{67D93AD8-E3A1-461A-9963-3E0CC6A54ED3}.Debug|x86.ActiveCfg = Debug|Win32
		{67D93AD8-E3A1-461A-9963-3E0CC6A54ED3}.Debug|x86.Build.0 = Debug|Win32
		{67D93AD8-E3A1-461A-9963-3E0CC6A54ED3}.Release|x64.ActiveCfg = Release|x64
		{67D93AD8-E3A1-461A-9963-3E0CC6A54ED3}.Release|x64.Build.0 = Release|x64
		{67D93AD8-E3A1-461A-9963-3E0CC6A54ED3}.Release|x86.ActiveCfg = Release|Win32
		{67D93AD8-E3A1-461A-9963-3E0CC6A54ED3}.Release|x86.Build.0 = Release|Win32
		{10D1A652-CD53-4807-B0A4-0ACDD75D6D64}.Debug|x64.ActiveCfg = Debug|x64
		{10D1A652-CD53-4807-B0A4-0ACDD75D6D64}.Debug|x64.Build.0 = Debug|x64
		{10D1A652-CD53-4807-B0A4-0ACDD75D6D64}.Debug|x86.ActiveCfg = Debug|Win32
		{10D1A652-CD53-4807-B0A4-0ACDD75D6D64}.Debug|x86.Build.0 = Debug|Win32
		{10D1A652-CD53-4807-B0A4-0ACDD75D6D64}.Release|x64.ActiveCfg = Release|x64
		{10D1A652-CD53-4807-B0A4-0ACDD75D6D64}.Release|x64.Build.0 = Release|x64
		{10D1A652-CD53-4807-B0A4-0ACDD75D6D64}.Release|x86.ActiveCfg = Release|Win32
		{10D1A652-CD53-4807-B0A4-0ACDD75D6D64}.Release|x86.Build.0 = Release|Win32
		{5AC15EB1-856C-4DB3-81B9-BA0672069631}.Debug|x64.ActiveCfg = Debug|x64
		{5AC15EB1-856C-4DB3-81B9-BA0672069631}.Debug|x64.Build.0 = Debug|x64
		{5AC15EB1-856C-4DB3-81B9-BA0672069631}.Debug|x86.ActiveCfg = Debug|Win32
		{5AC15EB1-856C-4DB3-81B9-BA0672069631}.Debug|x86.Build.0 = Debug|Win32
		{5AC15EB1-856C-4DB3-81B9-BA0672069631}.Release|x64.ActiveCfg = Release|x64
		{5AC15EB1-856C-4DB3-81B9-BA0672069631}.Release|x64.Build.0 = Release|x64
		{5AC15EB1-856C-4DB3-81B9-BA0672069631}.Release|x86.ActiveCfg = Release|Win32
		{5AC15EB1-856C-4DB3-81B9-BA0672069631}.Release|x86.Build.0 = Release|Win32
	EndGlobalSection
	GlobalSection(SolutionProperties) = preSolution
		HideSolutionNode = FALSE
	EndGlobalSection
	GlobalSection(ExtensibilityGlobals) = postSolution
		SolutionGuid = {7119E7FD-025D-4754-9A05-42537CEA420B}
	EndGlobalSection
EndGlobal
