
Microsoft Visual Studio Solution File, Format Version 12.00
# Visual Studio 15
VisualStudioVersion = 15.0.27130.2027
MinimumVisualStudioVersion = 10.0.40219.1
Project("{8BC9CEB8-8B4A-11D0-8D11-00A0C91BC942}") = "桶排序", "Project1\Project1.vcxproj", "{84AD339C-693D-46D3-B138-ECC4414C89A0}"
EndProject
Project("{8BC9CEB8-8B4A-11D0-8D11-00A0C91BC942}") = "冒泡排序", "Project2\Project2.vcxproj", "{32B6E13A-ADBB-4770-81CA-A2F90D4292A2}"
EndProject
Project("{8BC9CEB8-8B4A-11D0-8D11-00A0C91BC942}") = "内存查看", "内存\内存.vcxproj", "{23783908-3172-4061-BE88-40B081C28E7C}"
EndProject
Project("{8BC9CEB8-8B4A-11D0-8D11-00A0C91BC942}") = "快速排序", "快速排序\快速排序.vcxproj", "{F5C75C72-E579-45A8-9294-91BFC4A9FACC}"
EndProject
Global
	GlobalSection(SolutionConfigurationPlatforms) = preSolution
		Debug|x64 = Debug|x64
		Debug|x86 = Debug|x86
		Release|x64 = Release|x64
		Release|x86 = Release|x86
	EndGlobalSection
	GlobalSection(ProjectConfigurationPlatforms) = postSolution
		{84AD339C-693D-46D3-B138-ECC4414C89A0}.Debug|x64.ActiveCfg = Debug|x64
		{84AD339C-693D-46D3-B138-ECC4414C89A0}.Debug|x64.Build.0 = Debug|x64
		{84AD339C-693D-46D3-B138-ECC4414C89A0}.Debug|x86.ActiveCfg = Debug|Win32
		{84AD339C-693D-46D3-B138-ECC4414C89A0}.Debug|x86.Build.0 = Debug|Win32
		{84AD339C-693D-46D3-B138-ECC4414C89A0}.Release|x64.ActiveCfg = Release|x64
		{84AD339C-693D-46D3-B138-ECC4414C89A0}.Release|x64.Build.0 = Release|x64
		{84AD339C-693D-46D3-B138-ECC4414C89A0}.Release|x86.ActiveCfg = Release|Win32
		{84AD339C-693D-46D3-B138-ECC4414C89A0}.Release|x86.Build.0 = Release|Win32
		{32B6E13A-ADBB-4770-81CA-A2F90D4292A2}.Debug|x64.ActiveCfg = Debug|x64
		{32B6E13A-ADBB-4770-81CA-A2F90D4292A2}.Debug|x64.Build.0 = Debug|x64
		{32B6E13A-ADBB-4770-81CA-A2F90D4292A2}.Debug|x86.ActiveCfg = Debug|Win32
		{32B6E13A-ADBB-4770-81CA-A2F90D4292A2}.Debug|x86.Build.0 = Debug|Win32
		{32B6E13A-ADBB-4770-81CA-A2F90D4292A2}.Release|x64.ActiveCfg = Release|x64
		{32B6E13A-ADBB-4770-81CA-A2F90D4292A2}.Release|x64.Build.0 = Release|x64
		{32B6E13A-ADBB-4770-81CA-A2F90D4292A2}.Release|x86.ActiveCfg = Release|Win32
		{32B6E13A-ADBB-4770-81CA-A2F90D4292A2}.Release|x86.Build.0 = Release|Win32
		{23783908-3172-4061-BE88-40B081C28E7C}.Debug|x64.ActiveCfg = Debug|x64
		{23783908-3172-4061-BE88-40B081C28E7C}.Debug|x64.Build.0 = Debug|x64
		{23783908-3172-4061-BE88-40B081C28E7C}.Debug|x86.ActiveCfg = Debug|Win32
		{23783908-3172-4061-BE88-40B081C28E7C}.Debug|x86.Build.0 = Debug|Win32
		{23783908-3172-4061-BE88-40B081C28E7C}.Release|x64.ActiveCfg = Release|x64
		{23783908-3172-4061-BE88-40B081C28E7C}.Release|x64.Build.0 = Release|x64
		{23783908-3172-4061-BE88-40B081C28E7C}.Release|x86.ActiveCfg = Release|Win32
		{23783908-3172-4061-BE88-40B081C28E7C}.Release|x86.Build.0 = Release|Win32
		{F5C75C72-E579-45A8-9294-91BFC4A9FACC}.Debug|x64.ActiveCfg = Debug|x64
		{F5C75C72-E579-45A8-9294-91BFC4A9FACC}.Debug|x64.Build.0 = Debug|x64
		{F5C75C72-E579-45A8-9294-91BFC4A9FACC}.Debug|x86.ActiveCfg = Debug|Win32
		{F5C75C72-E579-45A8-9294-91BFC4A9FACC}.Debug|x86.Build.0 = Debug|Win32
		{F5C75C72-E579-45A8-9294-91BFC4A9FACC}.Release|x64.ActiveCfg = Release|x64
		{F5C75C72-E579-45A8-9294-91BFC4A9FACC}.Release|x64.Build.0 = Release|x64
		{F5C75C72-E579-45A8-9294-91BFC4A9FACC}.Release|x86.ActiveCfg = Release|Win32
		{F5C75C72-E579-45A8-9294-91BFC4A9FACC}.Release|x86.Build.0 = Release|Win32
	EndGlobalSection
	GlobalSection(SolutionProperties) = preSolution
		HideSolutionNode = FALSE
	EndGlobalSection
	GlobalSection(ExtensibilityGlobals) = postSolution
		SolutionGuid = {AB61002F-C2E5-4413-BEC1-9C1BFEB0B1B4}
	EndGlobalSection
EndGlobal
